
Microsoft Visual Studio Solution File, Format Version 12.00
# Visual Studio Version 17
VisualStudioVersion = 17.0.32014.148
MinimumVisualStudioVersion = 10.0.40219.1
Project("{9A19103F-16F7-4668-BE54-9A1E7A4F7556}") = "ProjectSelene", "ProjectSelene\ProjectSelene.csproj", "{F052BBBE-4081-4CD3-8A3A-75F623D6EF44}"
EndProject
Project("{54A90642-561A-4BB1-A94E-469ADEE60C69}") = "ProjectSelene.Modloader", "ProjectSelene.Modloader\ProjectSelene.Modloader.esproj", "{6943E92B-0514-4BAA-A1F5-E6ABCF74599A}"
EndProject
Project("{54A90642-561A-4BB1-A94E-469ADEE60C69}") = "ProjectSelene.Modloader.API", "ProjectSelene.Modloader.API\ProjectSelene.Modloader.API.esproj", "{EB934CBA-2972-47D5-A0EF-0A6A1F08AAAC}"
EndProject
Project("{54A90642-561A-4BB1-A94E-469ADEE60C69}") = "ProjectSelene.DummyGame", "ProjectSelene.DummyGame\ProjectSelene.DummyGame.esproj", "{9EE62BB2-6B46-415F-91EC-662E60190CED}"
EndProject
Project("{2150E333-8FDC-42A3-9474-1A3956D46DE8}") = "Solution Items", "Solution Items", "{CE832CEB-D656-42B9-A00F-DEA8276AF36B}"
	ProjectSection(SolutionItems) = preProject
		.editorconfig = .editorconfig
		Directory.Build.props = Directory.Build.props
		Directory.Packages.props = Directory.Packages.props
		global.json = global.json
	EndProjectSection
EndProject
Project("{FAE04EC0-301F-11D3-BF4B-00C04F79EFBC}") = "ProjectSelene.Domain", "ProjectSelene.Domain\ProjectSelene.Domain.csproj", "{2B113F3A-9C62-4357-A0A0-5453366E8EB3}"
EndProject
Project("{FAE04EC0-301F-11D3-BF4B-00C04F79EFBC}") = "ProjectSelene.Application", "ProjectSelene.Application\ProjectSelene.Application.csproj", "{A993B75F-5315-48C8-BBCC-97E8C05F8609}"
EndProject
Project("{FAE04EC0-301F-11D3-BF4B-00C04F79EFBC}") = "ProjectSelene.Infrastructure", "ProjectSelene.Infrastructure\ProjectSelene.Infrastructure.csproj", "{C4433B8D-8348-44FD-81F4-16C0AB45FBB6}"
EndProject
Project("{FAE04EC0-301F-11D3-BF4B-00C04F79EFBC}") = "ProjectSelene.Web", "ProjectSelene.Web\ProjectSelene.Web.csproj", "{4DF43988-0F01-48CD-B8D4-D499218444C0}"
EndProject
Global
	GlobalSection(SolutionConfigurationPlatforms) = preSolution
		Debug|Any CPU = Debug|Any CPU
		Release|Any CPU = Release|Any CPU
	EndGlobalSection
	GlobalSection(ProjectConfigurationPlatforms) = postSolution
		{F052BBBE-4081-4CD3-8A3A-75F623D6EF44}.Debug|Any CPU.ActiveCfg = Debug|Any CPU
		{F052BBBE-4081-4CD3-8A3A-75F623D6EF44}.Debug|Any CPU.Build.0 = Debug|Any CPU
		{F052BBBE-4081-4CD3-8A3A-75F623D6EF44}.Release|Any CPU.ActiveCfg = Release|Any CPU
		{F052BBBE-4081-4CD3-8A3A-75F623D6EF44}.Release|Any CPU.Build.0 = Release|Any CPU
		{6943E92B-0514-4BAA-A1F5-E6ABCF74599A}.Debug|Any CPU.ActiveCfg = Debug|Any CPU
		{6943E92B-0514-4BAA-A1F5-E6ABCF74599A}.Debug|Any CPU.Build.0 = Debug|Any CPU
		{6943E92B-0514-4BAA-A1F5-E6ABCF74599A}.Debug|Any CPU.Deploy.0 = Debug|Any CPU
		{6943E92B-0514-4BAA-A1F5-E6ABCF74599A}.Release|Any CPU.ActiveCfg = Release|Any CPU
		{6943E92B-0514-4BAA-A1F5-E6ABCF74599A}.Release|Any CPU.Build.0 = Release|Any CPU
		{6943E92B-0514-4BAA-A1F5-E6ABCF74599A}.Release|Any CPU.Deploy.0 = Release|Any CPU
		{EB934CBA-2972-47D5-A0EF-0A6A1F08AAAC}.Debug|Any CPU.ActiveCfg = Debug|Any CPU
		{EB934CBA-2972-47D5-A0EF-0A6A1F08AAAC}.Debug|Any CPU.Build.0 = Debug|Any CPU
		{EB934CBA-2972-47D5-A0EF-0A6A1F08AAAC}.Debug|Any CPU.Deploy.0 = Debug|Any CPU
		{EB934CBA-2972-47D5-A0EF-0A6A1F08AAAC}.Release|Any CPU.ActiveCfg = Release|Any CPU
		{EB934CBA-2972-47D5-A0EF-0A6A1F08AAAC}.Release|Any CPU.Build.0 = Release|Any CPU
		{EB934CBA-2972-47D5-A0EF-0A6A1F08AAAC}.Release|Any CPU.Deploy.0 = Release|Any CPU
		{9EE62BB2-6B46-415F-91EC-662E60190CED}.Debug|Any CPU.ActiveCfg = Debug|Any CPU
		{9EE62BB2-6B46-415F-91EC-662E60190CED}.Debug|Any CPU.Build.0 = Debug|Any CPU
		{9EE62BB2-6B46-415F-91EC-662E60190CED}.Debug|Any CPU.Deploy.0 = Debug|Any CPU
		{9EE62BB2-6B46-415F-91EC-662E60190CED}.Release|Any CPU.ActiveCfg = Release|Any CPU
		{9EE62BB2-6B46-415F-91EC-662E60190CED}.Release|Any CPU.Build.0 = Release|Any CPU
		{9EE62BB2-6B46-415F-91EC-662E60190CED}.Release|Any CPU.Deploy.0 = Release|Any CPU
		{2B113F3A-9C62-4357-A0A0-5453366E8EB3}.Debug|Any CPU.ActiveCfg = Debug|Any CPU
		{2B113F3A-9C62-4357-A0A0-5453366E8EB3}.Debug|Any CPU.Build.0 = Debug|Any CPU
		{2B113F3A-9C62-4357-A0A0-5453366E8EB3}.Release|Any CPU.ActiveCfg = Release|Any CPU
		{2B113F3A-9C62-4357-A0A0-5453366E8EB3}.Release|Any CPU.Build.0 = Release|Any CPU
		{A993B75F-5315-48C8-BBCC-97E8C05F8609}.Debug|Any CPU.ActiveCfg = Debug|Any CPU
		{A993B75F-5315-48C8-BBCC-97E8C05F8609}.Debug|Any CPU.Build.0 = Debug|Any CPU
		{A993B75F-5315-48C8-BBCC-97E8C05F8609}.Release|Any CPU.ActiveCfg = Release|Any CPU
		{A993B75F-5315-48C8-BBCC-97E8C05F8609}.Release|Any CPU.Build.0 = Release|Any CPU
		{C4433B8D-8348-44FD-81F4-16C0AB45FBB6}.Debug|Any CPU.ActiveCfg = Debug|Any CPU
		{C4433B8D-8348-44FD-81F4-16C0AB45FBB6}.Debug|Any CPU.Build.0 = Debug|Any CPU
		{C4433B8D-8348-44FD-81F4-16C0AB45FBB6}.Release|Any CPU.ActiveCfg = Release|Any CPU
		{C4433B8D-8348-44FD-81F4-16C0AB45FBB6}.Release|Any CPU.Build.0 = Release|Any CPU
		{4DF43988-0F01-48CD-B8D4-D499218444C0}.Debug|Any CPU.ActiveCfg = Debug|Any CPU
		{4DF43988-0F01-48CD-B8D4-D499218444C0}.Debug|Any CPU.Build.0 = Debug|Any CPU
		{4DF43988-0F01-48CD-B8D4-D499218444C0}.Release|Any CPU.ActiveCfg = Release|Any CPU
		{4DF43988-0F01-48CD-B8D4-D499218444C0}.Release|Any CPU.Build.0 = Release|Any CPU
	EndGlobalSection
	GlobalSection(SolutionProperties) = preSolution
		HideSolutionNode = FALSE
	EndGlobalSection
	GlobalSection(ExtensibilityGlobals) = postSolution
		SolutionGuid = {60CD20F0-6385-46D6-BAE1-E489A7E99CCA}
	EndGlobalSection
EndGlobal
